
Microsoft Visual Studio Solution File, Format Version 12.00
# Visual Studio 14
VisualStudioVersion = 14.0.24720.0
MinimumVisualStudioVersion = 10.0.40219.1
Project("{FAE04EC0-301F-11D3-BF4B-00C04F79EFBC}") = "ClepsCompiler", "ClepsCompiler\ClepsCompiler.csproj", "{A7C4064C-19C0-42FB-9309-17606FB9232A}"
EndProject
Project("{FAE04EC0-301F-11D3-BF4B-00C04F79EFBC}") = "ClepsParser", "ClepsParser\ClepsParser.csproj", "{4D6CB905-AE68-4A53-8E7F-76DE6F7AAF08}"
EndProject
Project("{2150E333-8FDC-42A3-9474-1A3956D46DE8}") = "SampleCode", "SampleCode", "{DB95DFFD-55F0-4AEC-A1C0-CB028D7A37AA}"
	ProjectSection(SolutionItems) = preProject
		SampleCode\CoreLibrary.cleps = SampleCode\CoreLibrary.cleps
		SampleCode\TestProgram.cleps = SampleCode\TestProgram.cleps
	EndProjectSection
EndProject
Global
	GlobalSection(SolutionConfigurationPlatforms) = preSolution
		Debug|Any CPU = Debug|Any CPU
		Release|Any CPU = Release|Any CPU
	EndGlobalSection
	GlobalSection(ProjectConfigurationPlatforms) = postSolution
		{A7C4064C-19C0-42FB-9309-17606FB9232A}.Debug|Any CPU.ActiveCfg = Debug|Any CPU
		{A7C4064C-19C0-42FB-9309-17606FB9232A}.Debug|Any CPU.Build.0 = Debug|Any CPU
		{A7C4064C-19C0-42FB-9309-17606FB9232A}.Release|Any CPU.ActiveCfg = Release|Any CPU
		{A7C4064C-19C0-42FB-9309-17606FB9232A}.Release|Any CPU.Build.0 = Release|Any CPU
		{4D6CB905-AE68-4A53-8E7F-76DE6F7AAF08}.Debug|Any CPU.ActiveCfg = Debug|Any CPU
		{4D6CB905-AE68-4A53-8E7F-76DE6F7AAF08}.Debug|Any CPU.Build.0 = Debug|Any CPU
		{4D6CB905-AE68-4A53-8E7F-76DE6F7AAF08}.Release|Any CPU.ActiveCfg = Release|Any CPU
		{4D6CB905-AE68-4A53-8E7F-76DE6F7AAF08}.Release|Any CPU.Build.0 = Release|Any CPU
	EndGlobalSection
	GlobalSection(SolutionProperties) = preSolution
		HideSolutionNode = FALSE
	EndGlobalSection
EndGlobal
