
Microsoft Visual Studio Solution File, Format Version 12.00
# Visual Studio 14
VisualStudioVersion = 14.0.24720.0
MinimumVisualStudioVersion = 10.0.40219.1
Project("{FAE04EC0-301F-11D3-BF4B-00C04F79EFBC}") = "ClepsParser", "ClepsParser\ClepsParser.csproj", "{059180A4-75D0-45A7-9A65-EC8C7E82B1E5}"
EndProject
Project("{FAE04EC0-301F-11D3-BF4B-00C04F79EFBC}") = "ClepsCompiler", "ClepsCompiler\ClepsCompiler.csproj", "{2AD2B9AA-370F-4AB5-A560-3FD37B9F6873}"
EndProject
Project("{2150E333-8FDC-42A3-9474-1A3956D46DE8}") = "ClepsCode", "ClepsCode", "{7B8B8049-7354-4407-A810-5F2EDD6EC377}"
	ProjectSection(SolutionItems) = preProject
		ClepsCode\CoreLibrary.cleps = ClepsCode\CoreLibrary.cleps
		ClepsCode\TestProgram.cleps = ClepsCode\TestProgram.cleps
	EndProjectSection
EndProject
Global
	GlobalSection(SolutionConfigurationPlatforms) = preSolution
		Debug|Any CPU = Debug|Any CPU
		Release|Any CPU = Release|Any CPU
	EndGlobalSection
	GlobalSection(ProjectConfigurationPlatforms) = postSolution
		{059180A4-75D0-45A7-9A65-EC8C7E82B1E5}.Debug|Any CPU.ActiveCfg = Debug|Any CPU
		{059180A4-75D0-45A7-9A65-EC8C7E82B1E5}.Debug|Any CPU.Build.0 = Debug|Any CPU
		{059180A4-75D0-45A7-9A65-EC8C7E82B1E5}.Release|Any CPU.ActiveCfg = Release|Any CPU
		{059180A4-75D0-45A7-9A65-EC8C7E82B1E5}.Release|Any CPU.Build.0 = Release|Any CPU
		{2AD2B9AA-370F-4AB5-A560-3FD37B9F6873}.Debug|Any CPU.ActiveCfg = Debug|Any CPU
		{2AD2B9AA-370F-4AB5-A560-3FD37B9F6873}.Debug|Any CPU.Build.0 = Debug|Any CPU
		{2AD2B9AA-370F-4AB5-A560-3FD37B9F6873}.Release|Any CPU.ActiveCfg = Release|Any CPU
		{2AD2B9AA-370F-4AB5-A560-3FD37B9F6873}.Release|Any CPU.Build.0 = Release|Any CPU
	EndGlobalSection
	GlobalSection(SolutionProperties) = preSolution
		HideSolutionNode = FALSE
	EndGlobalSection
EndGlobal
